// !$*UTF8*$!
{
	archiveVersion = 1;
	classes = {
	};
	objectVersion = 50;
	objects = {

/* Begin PBXBuildFile section */
		0414161D25F3CFB9006C297C /* Extension+UIView.swift in Sources */ = {isa = PBXBuildFile; fileRef = 0414161C25F3CFB9006C297C /* Extension+UIView.swift */; };
		04C375C625F3C2A80005247F /* AppDelegate.swift in Sources */ = {isa = PBXBuildFile; fileRef = 04C375C525F3C2A80005247F /* AppDelegate.swift */; };
		04C375C825F3C2A80005247F /* SceneDelegate.swift in Sources */ = {isa = PBXBuildFile; fileRef = 04C375C725F3C2A80005247F /* SceneDelegate.swift */; };
		04C375CA25F3C2A80005247F /* ViewController.swift in Sources */ = {isa = PBXBuildFile; fileRef = 04C375C925F3C2A80005247F /* ViewController.swift */; };
		04C375CD25F3C2A80005247F /* Main.storyboard in Resources */ = {isa = PBXBuildFile; fileRef = 04C375CB25F3C2A80005247F /* Main.storyboard */; };
		04C375CF25F3C2AA0005247F /* Assets.xcassets in Resources */ = {isa = PBXBuildFile; fileRef = 04C375CE25F3C2AA0005247F /* Assets.xcassets */; };
		04C375D225F3C2AA0005247F /* LaunchScreen.storyboard in Resources */ = {isa = PBXBuildFile; fileRef = 04C375D025F3C2AA0005247F /* LaunchScreen.storyboard */; };
/* End PBXBuildFile section */

/* Begin PBXFileReference section */
		0414161C25F3CFB9006C297C /* Extension+UIView.swift */ = {isa = PBXFileReference; lastKnownFileType = sourcecode.swift; path = "Extension+UIView.swift"; sourceTree = "<group>"; };
		04C375C225F3C2A80005247F /* TestAnimationApp.app */ = {isa = PBXFileReference; explicitFileType = wrapper.application; includeInIndex = 0; path = TestAnimationApp.app; sourceTree = BUILT_PRODUCTS_DIR; };
		04C375C525F3C2A80005247F /* AppDelegate.swift */ = {isa = PBXFileReference; lastKnownFileType = sourcecode.swift; path = AppDelegate.swift; sourceTree = "<group>"; };
		04C375C725F3C2A80005247F /* SceneDelegate.swift */ = {isa = PBXFileReference; lastKnownFileType = sourcecode.swift; path = SceneDelegate.swift; sourceTree = "<group>"; };
		04C375C925F3C2A80005247F /* ViewController.swift */ = {isa = PBXFileReference; lastKnownFileType = sourcecode.swift; path = ViewController.swift; sourceTree = "<group>"; };
		04C375CC25F3C2A80005247F /* Base */ = {isa = PBXFileReference; lastKnownFileType = file.storyboard; name = Base; path = Base.lproj/Main.storyboard; sourceTree = "<group>"; };
		04C375CE25F3C2AA0005247F /* Assets.xcassets */ = {isa = PBXFileReference; lastKnownFileType = folder.assetcatalog; path = Assets.xcassets; sourceTree = "<group>"; };
		04C375D125F3C2AA0005247F /* Base */ = {isa = PBXFileReference; lastKnownFileType = file.storyboard; name = Base; path = Base.lproj/LaunchScreen.storyboard; sourceTree = "<group>"; };
		04C375D325F3C2AA0005247F /* Info.plist */ = {isa = PBXFileReference; lastKnownFileType = text.plist.xml; path = Info.plist; sourceTree = "<group>"; };
/* End PBXFileReference section */

/* Begin PBXFrameworksBuildPhase section */
		04C375BF25F3C2A80005247F /* Frameworks */ = {
			isa = PBXFrameworksBuildPhase;
			buildActionMask = 2147483647;
			files = (
			);
			runOnlyForDeploymentPostprocessing = 0;
		};
/* End PBXFrameworksBuildPhase section */

/* Begin PBXGroup section */
		0414161F25F3CFBD006C297C /* Extensions */ = {
			isa = PBXGroup;
			children = (
				0414161C25F3CFB9006C297C /* Extension+UIView.swift */,
			);
			path = Extensions;
			sourceTree = "<group>";
		};
		0414162125F3CFD8006C297C /* Application */ = {
			isa = PBXGroup;
			children = (
				04C375C525F3C2A80005247F /* AppDelegate.swift */,
				04C375C725F3C2A80005247F /* SceneDelegate.swift */,
				04C375D325F3C2AA0005247F /* Info.plist */,
			);
			path = Application;
			sourceTree = "<group>";
		};
		0414162325F3CFE4006C297C /* Controllers */ = {
			isa = PBXGroup;
			children = (
				04C375C925F3C2A80005247F /* ViewController.swift */,
			);
			path = Controllers;
			sourceTree = "<group>";
		};
		0414162525F3CFF0006C297C /* Storyboards */ = {
			isa = PBXGroup;
			children = (
				04C375CB25F3C2A80005247F /* Main.storyboard */,
				04C375D025F3C2AA0005247F /* LaunchScreen.storyboard */,
			);
			path = Storyboards;
			sourceTree = "<group>";
		};
		0414162625F3D003006C297C /* Resources */ = {
			isa = PBXGroup;
			children = (
				04C375CE25F3C2AA0005247F /* Assets.xcassets */,
			);
			path = Resources;
			sourceTree = "<group>";
		};
		04C375B925F3C2A80005247F = {
			isa = PBXGroup;
			children = (
				04C375C425F3C2A80005247F /* TestAnimationApp */,
				04C375C325F3C2A80005247F /* Products */,
			);
			sourceTree = "<group>";
		};
		04C375C325F3C2A80005247F /* Products */ = {
			isa = PBXGroup;
			children = (
				04C375C225F3C2A80005247F /* TestAnimationApp.app */,
			);
			name = Products;
			sourceTree = "<group>";
		};
		04C375C425F3C2A80005247F /* TestAnimationApp */ = {
			isa = PBXGroup;
			children = (
				0414162125F3CFD8006C297C /* Application */,
				0414162325F3CFE4006C297C /* Controllers */,
				0414162525F3CFF0006C297C /* Storyboards */,
				0414162625F3D003006C297C /* Resources */,
				0414161F25F3CFBD006C297C /* Extensions */,
			);
			path = TestAnimationApp;
			sourceTree = "<group>";
		};
/* End PBXGroup section */

/* Begin PBXNativeTarget section */
		04C375C125F3C2A80005247F /* TestAnimationApp */ = {
			isa = PBXNativeTarget;
			buildConfigurationList = 04C375D625F3C2AA0005247F /* Build configuration list for PBXNativeTarget "TestAnimationApp" */;
			buildPhases = (
				04C375BE25F3C2A80005247F /* Sources */,
				04C375BF25F3C2A80005247F /* Frameworks */,
				04C375C025F3C2A80005247F /* Resources */,
			);
			buildRules = (
			);
			dependencies = (
			);
			name = TestAnimationApp;
			productName = TestAnimationApp;
			productReference = 04C375C225F3C2A80005247F /* TestAnimationApp.app */;
			productType = "com.apple.product-type.application";
		};
/* End PBXNativeTarget section */

/* Begin PBXProject section */
		04C375BA25F3C2A80005247F /* Project object */ = {
			isa = PBXProject;
			attributes = {
				LastSwiftUpdateCheck = 1220;
				LastUpgradeCheck = 1220;
				TargetAttributes = {
					04C375C125F3C2A80005247F = {
						CreatedOnToolsVersion = 12.2;
					};
				};
			};
			buildConfigurationList = 04C375BD25F3C2A80005247F /* Build configuration list for PBXProject "TestAnimationApp" */;
			compatibilityVersion = "Xcode 9.3";
			developmentRegion = en;
			hasScannedForEncodings = 0;
			knownRegions = (
				en,
				Base,
			);
			mainGroup = 04C375B925F3C2A80005247F;
			productRefGroup = 04C375C325F3C2A80005247F /* Products */;
			projectDirPath = "";
			projectRoot = "";
			targets = (
				04C375C125F3C2A80005247F /* TestAnimationApp */,
			);
		};
/* End PBXProject section */

/* Begin PBXResourcesBuildPhase section */
		04C375C025F3C2A80005247F /* Resources */ = {
			isa = PBXResourcesBuildPhase;
			buildActionMask = 2147483647;
			files = (
				04C375D225F3C2AA0005247F /* LaunchScreen.storyboard in Resources */,
				04C375CF25F3C2AA0005247F /* Assets.xcassets in Resources */,
				04C375CD25F3C2A80005247F /* Main.storyboard in Resources */,
			);
			runOnlyForDeploymentPostprocessing = 0;
		};
/* End PBXResourcesBuildPhase section */

/* Begin PBXSourcesBuildPhase section */
		04C375BE25F3C2A80005247F /* Sources */ = {
			isa = PBXSourcesBuildPhase;
			buildActionMask = 2147483647;
			files = (
				04C375CA25F3C2A80005247F /* ViewController.swift in Sources */,
				04C375C625F3C2A80005247F /* AppDelegate.swift in Sources */,
				0414161D25F3CFB9006C297C /* Extension+UIView.swift in Sources */,
				04C375C825F3C2A80005247F /* SceneDelegate.swift in Sources */,
			);
			runOnlyForDeploymentPostprocessing = 0;
		};
/* End PBXSourcesBuildPhase section */

/* Begin PBXVariantGroup section */
		04C375CB25F3C2A80005247F /* Main.storyboard */ = {
			isa = PBXVariantGroup;
			children = (
				04C375CC25F3C2A80005247F /* Base */,
			);
			name = Main.storyboard;
			sourceTree = "<group>";
		};
		04C375D025F3C2AA0005247F /* LaunchScreen.storyboard */ = {
			isa = PBXVariantGroup;
			children = (
				04C375D125F3C2AA0005247F /* Base */,
			);
			name = LaunchScreen.storyboard;
			sourceTree = "<group>";
		};
/* End PBXVariantGroup section */

/* Begin XCBuildConfiguration section */
		04C375D425F3C2AA0005247F /* Debug */ = {
			isa = XCBuildConfiguration;
			buildSettings = {
				ALWAYS_SEARCH_USER_PATHS = NO;
				CLANG_ANALYZER_NONNULL = YES;
				CLANG_ANALYZER_NUMBER_OBJECT_CONVERSION = YES_AGGRESSIVE;
				CLANG_CXX_LANGUAGE_STANDARD = "gnu++14";
				CLANG_CXX_LIBRARY = "libc++";
				CLANG_ENABLE_MODULES = YES;
				CLANG_ENABLE_OBJC_ARC = YES;
				CLANG_ENABLE_OBJC_WEAK = YES;
				CLANG_WARN_BLOCK_CAPTURE_AUTORELEASING = YES;
				CLANG_WARN_BOOL_CONVERSION = YES;
				CLANG_WARN_COMMA = YES;
				CLANG_WARN_CONSTANT_CONVERSION = YES;
				CLANG_WARN_DEPRECATED_OBJC_IMPLEMENTATIONS = YES;
				CLANG_WARN_DIRECT_OBJC_ISA_USAGE = YES_ERROR;
				CLANG_WARN_DOCUMENTATION_COMMENTS = YES;
				CLANG_WARN_EMPTY_BODY = YES;
				CLANG_WARN_ENUM_CONVERSION = YES;
				CLANG_WARN_INFINITE_RECURSION = YES;
				CLANG_WARN_INT_CONVERSION = YES;
				CLANG_WARN_NON_LITERAL_NULL_CONVERSION = YES;
				CLANG_WARN_OBJC_IMPLICIT_RETAIN_SELF = YES;
				CLANG_WARN_OBJC_LITERAL_CONVERSION = YES;
				CLANG_WARN_OBJC_ROOT_CLASS = YES_ERROR;
				CLANG_WARN_QUOTED_INCLUDE_IN_FRAMEWORK_HEADER = YES;
				CLANG_WARN_RANGE_LOOP_ANALYSIS = YES;
				CLANG_WARN_STRICT_PROTOTYPES = YES;
				CLANG_WARN_SUSPICIOUS_MOVE = YES;
				CLANG_WARN_UNGUARDED_AVAILABILITY = YES_AGGRESSIVE;
				CLANG_WARN_UNREACHABLE_CODE = YES;
				CLANG_WARN__DUPLICATE_METHOD_MATCH = YES;
				COPY_PHASE_STRIP = NO;
				DEBUG_INFORMATION_FORMAT = dwarf;
				ENABLE_STRICT_OBJC_MSGSEND = YES;
				ENABLE_TESTABILITY = YES;
				GCC_C_LANGUAGE_STANDARD = gnu11;
				GCC_DYNAMIC_NO_PIC = NO;
				GCC_NO_COMMON_BLOCKS = YES;
				GCC_OPTIMIZATION_LEVEL = 0;
				GCC_PREPROCESSOR_DEFINITIONS = (
					"DEBUG=1",
					"$(inherited)",
				);
				GCC_WARN_64_TO_32_BIT_CONVERSION = YES;
				GCC_WARN_ABOUT_RETURN_TYPE = YES_ERROR;
				GCC_WARN_UNDECLARED_SELECTOR = YES;
				GCC_WARN_UNINITIALIZED_AUTOS = YES_AGGRESSIVE;
				GCC_WARN_UNUSED_FUNCTION = YES;
				GCC_WARN_UNUSED_VARIABLE = YES;
				IPHONEOS_DEPLOYMENT_TARGET = 14.2;
				MTL_ENABLE_DEBUG_INFO = INCLUDE_SOURCE;
				MTL_FAST_MATH = YES;
				ONLY_ACTIVE_ARCH = YES;
				SDKROOT = iphoneos;
				SWIFT_ACTIVE_COMPILATION_CONDITIONS = DEBUG;
				SWIFT_OPTIMIZATION_LEVEL = "-Onone";
			};
			name = Debug;
		};
		04C375D525F3C2AA0005247F /* Release */ = {
			isa = XCBuildConfiguration;
			buildSettings = {
				ALWAYS_SEARCH_USER_PATHS = NO;
				CLANG_ANALYZER_NONNULL = YES;
				CLANG_ANALYZER_NUMBER_OBJECT_CONVERSION = YES_AGGRESSIVE;
				CLANG_CXX_LANGUAGE_STANDARD = "gnu++14";
				CLANG_CXX_LIBRARY = "libc++";
				CLANG_ENABLE_MODULES = YES;
				CLANG_ENABLE_OBJC_ARC = YES;
				CLANG_ENABLE_OBJC_WEAK = YES;
				CLANG_WARN_BLOCK_CAPTURE_AUTORELEASING = YES;
				CLANG_WARN_BOOL_CONVERSION = YES;
				CLANG_WARN_COMMA = YES;
				CLANG_WARN_CONSTANT_CONVERSION = YES;
				CLANG_WARN_DEPRECATED_OBJC_IMPLEMENTATIONS = YES;
				CLANG_WARN_DIRECT_OBJC_ISA_USAGE = YES_ERROR;
				CLANG_WARN_DOCUMENTATION_COMMENTS = YES;
				CLANG_WARN_EMPTY_BODY = YES;
				CLANG_WARN_ENUM_CONVERSION = YES;
				CLANG_WARN_INFINITE_RECURSION = YES;
				CLANG_WARN_INT_CONVERSION = YES;
				CLANG_WARN_NON_LITERAL_NULL_CONVERSION = YES;
				CLANG_WARN_OBJC_IMPLICIT_RETAIN_SELF = YES;
				CLANG_WARN_OBJC_LITERAL_CONVERSION = YES;
				CLANG_WARN_OBJC_ROOT_CLASS = YES_ERROR;
				CLANG_WARN_QUOTED_INCLUDE_IN_FRAMEWORK_HEADER = YES;
				CLANG_WARN_RANGE_LOOP_ANALYSIS = YES;
				CLANG_WARN_STRICT_PROTOTYPES = YES;
				CLANG_WARN_SUSPICIOUS_MOVE = YES;
				CLANG_WARN_UNGUARDED_AVAILABILITY = YES_AGGRESSIVE;
				CLANG_WARN_UNREACHABLE_CODE = YES;
				CLANG_WARN__DUPLICATE_METHOD_MATCH = YES;
				COPY_PHASE_STRIP = NO;
				DEBUG_INFORMATION_FORMAT = "dwarf-with-dsym";
				ENABLE_NS_ASSERTIONS = NO;
				ENABLE_STRICT_OBJC_MSGSEND = YES;
				GCC_C_LANGUAGE_STANDARD = gnu11;
				GCC_NO_COMMON_BLOCKS = YES;
				GCC_WARN_64_TO_32_BIT_CONVERSION = YES;
				GCC_WARN_ABOUT_RETURN_TYPE = YES_ERROR;
				GCC_WARN_UNDECLARED_SELECTOR = YES;
				GCC_WARN_UNINITIALIZED_AUTOS = YES_AGGRESSIVE;
				GCC_WARN_UNUSED_FUNCTION = YES;
				GCC_WARN_UNUSED_VARIABLE = YES;
				IPHONEOS_DEPLOYMENT_TARGET = 14.2;
				MTL_ENABLE_DEBUG_INFO = NO;
				MTL_FAST_MATH = YES;
				SDKROOT = iphoneos;
				SWIFT_COMPILATION_MODE = wholemodule;
				SWIFT_OPTIMIZATION_LEVEL = "-O";
				VALIDATE_PRODUCT = YES;
			};
			name = Release;
		};
		04C375D725F3C2AA0005247F /* Debug */ = {
			isa = XCBuildConfiguration;
			buildSettings = {
				ASSETCATALOG_COMPILER_APPICON_NAME = AppIcon;
				ASSETCATALOG_COMPILER_GLOBAL_ACCENT_COLOR_NAME = AccentColor;
				CODE_SIGN_STYLE = Automatic;
				DEVELOPMENT_TEAM = 5JP4L3W2V6;
				INFOPLIST_FILE = TestAnimationApp/Application/Info.plist;
				LD_RUNPATH_SEARCH_PATHS = (
					"$(inherited)",
					"@executable_path/Frameworks",
				);
				PRODUCT_BUNDLE_IDENTIFIER = Erasofts.TestAnimationApp;
				PRODUCT_NAME = "$(TARGET_NAME)";
				SWIFT_VERSION = 5.0;
				TARGETED_DEVICE_FAMILY = "1,2";
			};
			name = Debug;
		};
		04C375D825F3C2AA0005247F /* Release */ = {
			isa = XCBuildConfiguration;
			buildSettings = {
				ASSETCATALOG_COMPILER_APPICON_NAME = AppIcon;
				ASSETCATALOG_COMPILER_GLOBAL_ACCENT_COLOR_NAME = AccentColor;
				CODE_SIGN_STYLE = Automatic;
				DEVELOPMENT_TEAM = 5JP4L3W2V6;
				INFOPLIST_FILE = TestAnimationApp/Application/Info.plist;
				LD_RUNPATH_SEARCH_PATHS = (
					"$(inherited)",
					"@executable_path/Frameworks",
				);
				PRODUCT_BUNDLE_IDENTIFIER = Erasofts.TestAnimationApp;
				PRODUCT_NAME = "$(TARGET_NAME)";
				SWIFT_VERSION = 5.0;
				TARGETED_DEVICE_FAMILY = "1,2";
			};
			name = Release;
		};
/* End XCBuildConfiguration section */

/* Begin XCConfigurationList section */
		04C375BD25F3C2A80005247F /* Build configuration list for PBXProject "TestAnimationApp" */ = {
			isa = XCConfigurationList;
			buildConfigurations = (
				04C375D425F3C2AA0005247F /* Debug */,
				04C375D525F3C2AA0005247F /* Release */,
			);
			defaultConfigurationIsVisible = 0;
			defaultConfigurationName = Release;
		};
		04C375D625F3C2AA0005247F /* Build configuration list for PBXNativeTarget "TestAnimationApp" */ = {
			isa = XCConfigurationList;
			buildConfigurations = (
				04C375D725F3C2AA0005247F /* Debug */,
				04C375D825F3C2AA0005247F /* Release */,
			);
			defaultConfigurationIsVisible = 0;
			defaultConfigurationName = Release;
		};
/* End XCConfigurationList section */
	};
	rootObject = 04C375BA25F3C2A80005247F /* Project object */;
}
